// !$*UTF8*$!
{
	archiveVersion = 1;
	classes = {
	};
	objectVersion = 55;
	objects = {

/* Begin PBXBuildFile section */
		D27E73F827A767530024CADA /* FacialExpression.swift in Sources */ = {isa = PBXBuildFile; fileRef = D27E73F727A767530024CADA /* FacialExpression.swift */; };
		D27E73F927A767530024CADA /* FacialExpression.swift in Sources */ = {isa = PBXBuildFile; fileRef = D27E73F727A767530024CADA /* FacialExpression.swift */; };
		D2A4C9DC27A7534300AEEAC7 /* FaceItApp.swift in Sources */ = {isa = PBXBuildFile; fileRef = D2A4C9CC27A7534200AEEAC7 /* FaceItApp.swift */; };
		D2A4C9DD27A7534300AEEAC7 /* FaceItApp.swift in Sources */ = {isa = PBXBuildFile; fileRef = D2A4C9CC27A7534200AEEAC7 /* FaceItApp.swift */; };
		D2A4C9DE27A7534300AEEAC7 /* FaceView.swift in Sources */ = {isa = PBXBuildFile; fileRef = D2A4C9CD27A7534200AEEAC7 /* FaceView.swift */; };
		D2A4C9DF27A7534300AEEAC7 /* FaceView.swift in Sources */ = {isa = PBXBuildFile; fileRef = D2A4C9CD27A7534200AEEAC7 /* FaceView.swift */; };
		D2A4C9E027A7534300AEEAC7 /* Assets.xcassets in Resources */ = {isa = PBXBuildFile; fileRef = D2A4C9CE27A7534300AEEAC7 /* Assets.xcassets */; };
		D2A4C9E127A7534300AEEAC7 /* Assets.xcassets in Resources */ = {isa = PBXBuildFile; fileRef = D2A4C9CE27A7534300AEEAC7 /* Assets.xcassets */; };
		D2A4C9EB27A7535600AEEAC7 /* Face.swift in Sources */ = {isa = PBXBuildFile; fileRef = D2A4C9EA27A7535600AEEAC7 /* Face.swift */; };
		D2A4C9EC27A7535600AEEAC7 /* Face.swift in Sources */ = {isa = PBXBuildFile; fileRef = D2A4C9EA27A7535600AEEAC7 /* Face.swift */; };
		D2C2E74D27A77A5800280C77 /* ContentView.swift in Sources */ = {isa = PBXBuildFile; fileRef = D2C2E74C27A77A5800280C77 /* ContentView.swift */; };
		D2C2E74E27A77A5800280C77 /* ContentView.swift in Sources */ = {isa = PBXBuildFile; fileRef = D2C2E74C27A77A5800280C77 /* ContentView.swift */; };
/* End PBXBuildFile section */

/* Begin PBXFileReference section */
		D27E73F727A767530024CADA /* FacialExpression.swift */ = {isa = PBXFileReference; fileEncoding = 4; lastKnownFileType = sourcecode.swift; path = FacialExpression.swift; sourceTree = "<group>"; };
		D2A4C9CC27A7534200AEEAC7 /* FaceItApp.swift */ = {isa = PBXFileReference; lastKnownFileType = sourcecode.swift; path = FaceItApp.swift; sourceTree = "<group>"; };
		D2A4C9CD27A7534200AEEAC7 /* FaceView.swift */ = {isa = PBXFileReference; lastKnownFileType = sourcecode.swift; path = FaceView.swift; sourceTree = "<group>"; };
		D2A4C9CE27A7534300AEEAC7 /* Assets.xcassets */ = {isa = PBXFileReference; lastKnownFileType = folder.assetcatalog; path = Assets.xcassets; sourceTree = "<group>"; };
		D2A4C9D327A7534300AEEAC7 /* FaceIt.app */ = {isa = PBXFileReference; explicitFileType = wrapper.application; includeInIndex = 0; path = FaceIt.app; sourceTree = BUILT_PRODUCTS_DIR; };
		D2A4C9D927A7534300AEEAC7 /* FaceIt.app */ = {isa = PBXFileReference; explicitFileType = wrapper.application; includeInIndex = 0; path = FaceIt.app; sourceTree = BUILT_PRODUCTS_DIR; };
		D2A4C9DB27A7534300AEEAC7 /* macOS.entitlements */ = {isa = PBXFileReference; lastKnownFileType = text.plist.entitlements; path = macOS.entitlements; sourceTree = "<group>"; };
		D2A4C9EA27A7535600AEEAC7 /* Face.swift */ = {isa = PBXFileReference; lastKnownFileType = sourcecode.swift; path = Face.swift; sourceTree = "<group>"; };
		D2C2E74C27A77A5800280C77 /* ContentView.swift */ = {isa = PBXFileReference; lastKnownFileType = sourcecode.swift; path = ContentView.swift; sourceTree = "<group>"; };
/* End PBXFileReference section */

/* Begin PBXFrameworksBuildPhase section */
		D2A4C9D027A7534300AEEAC7 /* Frameworks */ = {
			isa = PBXFrameworksBuildPhase;
			buildActionMask = 2147483647;
			files = (
			);
			runOnlyForDeploymentPostprocessing = 0;
		};
		D2A4C9D627A7534300AEEAC7 /* Frameworks */ = {
			isa = PBXFrameworksBuildPhase;
			buildActionMask = 2147483647;
			files = (
			);
			runOnlyForDeploymentPostprocessing = 0;
		};
/* End PBXFrameworksBuildPhase section */

/* Begin PBXGroup section */
		D2A4C9C627A7534200AEEAC7 = {
			isa = PBXGroup;
			children = (
				D2A4C9CB27A7534200AEEAC7 /* FaceIt.swiftpm */,
				D2A4C9DA27A7534300AEEAC7 /* macOS */,
				D2A4C9D427A7534300AEEAC7 /* Products */,
			);
			sourceTree = "<group>";
		};
		D2A4C9CB27A7534200AEEAC7 /* FaceIt.swiftpm */ = {
			isa = PBXGroup;
			children = (
				D2A4C9CC27A7534200AEEAC7 /* FaceItApp.swift */,
				D2C2E74C27A77A5800280C77 /* ContentView.swift */,
				D2A4C9CD27A7534200AEEAC7 /* FaceView.swift */,
				D2A4C9EA27A7535600AEEAC7 /* Face.swift */,
				D27E73F727A767530024CADA /* FacialExpression.swift */,
				D2A4C9CE27A7534300AEEAC7 /* Assets.xcassets */,
			);
			path = FaceIt.swiftpm;
			sourceTree = "<group>";
		};
		D2A4C9D427A7534300AEEAC7 /* Products */ = {
			isa = PBXGroup;
			children = (
				D2A4C9D327A7534300AEEAC7 /* FaceIt.app */,
				D2A4C9D927A7534300AEEAC7 /* FaceIt.app */,
			);
			name = Products;
			sourceTree = "<group>";
		};
		D2A4C9DA27A7534300AEEAC7 /* macOS */ = {
			isa = PBXGroup;
			children = (
				D2A4C9DB27A7534300AEEAC7 /* macOS.entitlements */,
			);
			path = macOS;
			sourceTree = "<group>";
		};
/* End PBXGroup section */

/* Begin PBXNativeTarget section */
		D2A4C9D227A7534300AEEAC7 /* FaceIt (iOS) */ = {
			isa = PBXNativeTarget;
			buildConfigurationList = D2A4C9E427A7534300AEEAC7 /* Build configuration list for PBXNativeTarget "FaceIt (iOS)" */;
			buildPhases = (
				D2A4C9CF27A7534300AEEAC7 /* Sources */,
				D2A4C9D027A7534300AEEAC7 /* Frameworks */,
				D2A4C9D127A7534300AEEAC7 /* Resources */,
			);
			buildRules = (
			);
			dependencies = (
			);
			name = "FaceIt (iOS)";
			productName = "FaceIt (iOS)";
			productReference = D2A4C9D327A7534300AEEAC7 /* FaceIt.app */;
			productType = "com.apple.product-type.application";
		};
		D2A4C9D827A7534300AEEAC7 /* FaceIt (macOS) */ = {
			isa = PBXNativeTarget;
			buildConfigurationList = D2A4C9E727A7534300AEEAC7 /* Build configuration list for PBXNativeTarget "FaceIt (macOS)" */;
			buildPhases = (
				D2A4C9D527A7534300AEEAC7 /* Sources */,
				D2A4C9D627A7534300AEEAC7 /* Frameworks */,
				D2A4C9D727A7534300AEEAC7 /* Resources */,
			);
			buildRules = (
			);
			dependencies = (
			);
			name = "FaceIt (macOS)";
			productName = "FaceIt (macOS)";
			productReference = D2A4C9D927A7534300AEEAC7 /* FaceIt.app */;
			productType = "com.apple.product-type.application";
		};
/* End PBXNativeTarget section */

/* Begin PBXProject section */
		D2A4C9C727A7534200AEEAC7 /* Project object */ = {
			isa = PBXProject;
			attributes = {
				BuildIndependentTargetsInParallel = 1;
				LastSwiftUpdateCheck = 1330;
				LastUpgradeCheck = 1330;
				TargetAttributes = {
					D2A4C9D227A7534300AEEAC7 = {
						CreatedOnToolsVersion = 13.3;
					};
					D2A4C9D827A7534300AEEAC7 = {
						CreatedOnToolsVersion = 13.3;
					};
				};
			};
			buildConfigurationList = D2A4C9CA27A7534200AEEAC7 /* Build configuration list for PBXProject "FaceIt" */;
			compatibilityVersion = "Xcode 13.0";
			developmentRegion = en;
			hasScannedForEncodings = 0;
			knownRegions = (
				en,
				Base,
			);
			mainGroup = D2A4C9C627A7534200AEEAC7;
			productRefGroup = D2A4C9D427A7534300AEEAC7 /* Products */;
			projectDirPath = "";
			projectRoot = "";
			targets = (
				D2A4C9D227A7534300AEEAC7 /* FaceIt (iOS) */,
				D2A4C9D827A7534300AEEAC7 /* FaceIt (macOS) */,
			);
		};
/* End PBXProject section */

/* Begin PBXResourcesBuildPhase section */
		D2A4C9D127A7534300AEEAC7 /* Resources */ = {
			isa = PBXResourcesBuildPhase;
			buildActionMask = 2147483647;
			files = (
				D2A4C9E027A7534300AEEAC7 /* Assets.xcassets in Resources */,
			);
			runOnlyForDeploymentPostprocessing = 0;
		};
		D2A4C9D727A7534300AEEAC7 /* Resources */ = {
			isa = PBXResourcesBuildPhase;
			buildActionMask = 2147483647;
			files = (
				D2A4C9E127A7534300AEEAC7 /* Assets.xcassets in Resources */,
			);
			runOnlyForDeploymentPostprocessing = 0;
		};
/* End PBXResourcesBuildPhase section */

/* Begin PBXSourcesBuildPhase section */
		D2A4C9CF27A7534300AEEAC7 /* Sources */ = {
			isa = PBXSourcesBuildPhase;
			buildActionMask = 2147483647;
			files = (
				D2A4C9DE27A7534300AEEAC7 /* FaceView.swift in Sources */,
				D2C2E74D27A77A5800280C77 /* ContentView.swift in Sources */,
				D27E73F827A767530024CADA /* FacialExpression.swift in Sources */,
				D2A4C9EB27A7535600AEEAC7 /* Face.swift in Sources */,
				D2A4C9DC27A7534300AEEAC7 /* FaceItApp.swift in Sources */,
			);
			runOnlyForDeploymentPostprocessing = 0;
		};
		D2A4C9D527A7534300AEEAC7 /* Sources */ = {
			isa = PBXSourcesBuildPhase;
			buildActionMask = 2147483647;
			files = (
				D2A4C9DF27A7534300AEEAC7 /* FaceView.swift in Sources */,
				D2C2E74E27A77A5800280C77 /* ContentView.swift in Sources */,
				D27E73F927A767530024CADA /* FacialExpression.swift in Sources */,
				D2A4C9EC27A7535600AEEAC7 /* Face.swift in Sources */,
				D2A4C9DD27A7534300AEEAC7 /* FaceItApp.swift in Sources */,
			);
			runOnlyForDeploymentPostprocessing = 0;
		};
/* End PBXSourcesBuildPhase section */

/* Begin XCBuildConfiguration section */
		D2A4C9E227A7534300AEEAC7 /* Debug */ = {
			isa = XCBuildConfiguration;
			buildSettings = {
				ALWAYS_SEARCH_USER_PATHS = NO;
				CLANG_ANALYZER_NONNULL = YES;
				CLANG_ANALYZER_NUMBER_OBJECT_CONVERSION = YES_AGGRESSIVE;
				CLANG_CXX_LANGUAGE_STANDARD = "gnu++17";
				CLANG_ENABLE_MODULES = YES;
				CLANG_ENABLE_OBJC_ARC = YES;
				CLANG_ENABLE_OBJC_WEAK = YES;
				CLANG_WARN_BLOCK_CAPTURE_AUTORELEASING = YES;
				CLANG_WARN_BOOL_CONVERSION = YES;
				CLANG_WARN_COMMA = YES;
				CLANG_WARN_CONSTANT_CONVERSION = YES;
				CLANG_WARN_DEPRECATED_OBJC_IMPLEMENTATIONS = YES;
				CLANG_WARN_DIRECT_OBJC_ISA_USAGE = YES_ERROR;
				CLANG_WARN_DOCUMENTATION_COMMENTS = YES;
				CLANG_WARN_EMPTY_BODY = YES;
				CLANG_WARN_ENUM_CONVERSION = YES;
				CLANG_WARN_INFINITE_RECURSION = YES;
				CLANG_WARN_INT_CONVERSION = YES;
				CLANG_WARN_NON_LITERAL_NULL_CONVERSION = YES;
				CLANG_WARN_OBJC_IMPLICIT_RETAIN_SELF = YES;
				CLANG_WARN_OBJC_LITERAL_CONVERSION = YES;
				CLANG_WARN_OBJC_ROOT_CLASS = YES_ERROR;
				CLANG_WARN_QUOTED_INCLUDE_IN_FRAMEWORK_HEADER = YES;
				CLANG_WARN_RANGE_LOOP_ANALYSIS = YES;
				CLANG_WARN_STRICT_PROTOTYPES = YES;
				CLANG_WARN_SUSPICIOUS_MOVE = YES;
				CLANG_WARN_UNGUARDED_AVAILABILITY = YES_AGGRESSIVE;
				CLANG_WARN_UNREACHABLE_CODE = YES;
				CLANG_WARN__DUPLICATE_METHOD_MATCH = YES;
				COPY_PHASE_STRIP = NO;
				DEBUG_INFORMATION_FORMAT = dwarf;
				ENABLE_STRICT_OBJC_MSGSEND = YES;
				ENABLE_TESTABILITY = YES;
				GCC_C_LANGUAGE_STANDARD = gnu11;
				GCC_DYNAMIC_NO_PIC = NO;
				GCC_NO_COMMON_BLOCKS = YES;
				GCC_OPTIMIZATION_LEVEL = 0;
				GCC_PREPROCESSOR_DEFINITIONS = (
					"DEBUG=1",
					"$(inherited)",
				);
				GCC_WARN_64_TO_32_BIT_CONVERSION = YES;
				GCC_WARN_ABOUT_RETURN_TYPE = YES_ERROR;
				GCC_WARN_UNDECLARED_SELECTOR = YES;
				GCC_WARN_UNINITIALIZED_AUTOS = YES_AGGRESSIVE;
				GCC_WARN_UNUSED_FUNCTION = YES;
				GCC_WARN_UNUSED_VARIABLE = YES;
				MTL_ENABLE_DEBUG_INFO = INCLUDE_SOURCE;
				MTL_FAST_MATH = YES;
				ONLY_ACTIVE_ARCH = YES;
				SWIFT_ACTIVE_COMPILATION_CONDITIONS = DEBUG;
				SWIFT_OPTIMIZATION_LEVEL = "-Onone";
			};
			name = Debug;
		};
		D2A4C9E327A7534300AEEAC7 /* Release */ = {
			isa = XCBuildConfiguration;
			buildSettings = {
				ALWAYS_SEARCH_USER_PATHS = NO;
				CLANG_ANALYZER_NONNULL = YES;
				CLANG_ANALYZER_NUMBER_OBJECT_CONVERSION = YES_AGGRESSIVE;
				CLANG_CXX_LANGUAGE_STANDARD = "gnu++17";
				CLANG_ENABLE_MODULES = YES;
				CLANG_ENABLE_OBJC_ARC = YES;
				CLANG_ENABLE_OBJC_WEAK = YES;
				CLANG_WARN_BLOCK_CAPTURE_AUTORELEASING = YES;
				CLANG_WARN_BOOL_CONVERSION = YES;
				CLANG_WARN_COMMA = YES;
				CLANG_WARN_CONSTANT_CONVERSION = YES;
				CLANG_WARN_DEPRECATED_OBJC_IMPLEMENTATIONS = YES;
				CLANG_WARN_DIRECT_OBJC_ISA_USAGE = YES_ERROR;
				CLANG_WARN_DOCUMENTATION_COMMENTS = YES;
				CLANG_WARN_EMPTY_BODY = YES;
				CLANG_WARN_ENUM_CONVERSION = YES;
				CLANG_WARN_INFINITE_RECURSION = YES;
				CLANG_WARN_INT_CONVERSION = YES;
				CLANG_WARN_NON_LITERAL_NULL_CONVERSION = YES;
				CLANG_WARN_OBJC_IMPLICIT_RETAIN_SELF = YES;
				CLANG_WARN_OBJC_LITERAL_CONVERSION = YES;
				CLANG_WARN_OBJC_ROOT_CLASS = YES_ERROR;
				CLANG_WARN_QUOTED_INCLUDE_IN_FRAMEWORK_HEADER = YES;
				CLANG_WARN_RANGE_LOOP_ANALYSIS = YES;
				CLANG_WARN_STRICT_PROTOTYPES = YES;
				CLANG_WARN_SUSPICIOUS_MOVE = YES;
				CLANG_WARN_UNGUARDED_AVAILABILITY = YES_AGGRESSIVE;
				CLANG_WARN_UNREACHABLE_CODE = YES;
				CLANG_WARN__DUPLICATE_METHOD_MATCH = YES;
				COPY_PHASE_STRIP = NO;
				DEBUG_INFORMATION_FORMAT = "dwarf-with-dsym";
				ENABLE_NS_ASSERTIONS = NO;
				ENABLE_STRICT_OBJC_MSGSEND = YES;
				GCC_C_LANGUAGE_STANDARD = gnu11;
				GCC_NO_COMMON_BLOCKS = YES;
				GCC_WARN_64_TO_32_BIT_CONVERSION = YES;
				GCC_WARN_ABOUT_RETURN_TYPE = YES_ERROR;
				GCC_WARN_UNDECLARED_SELECTOR = YES;
				GCC_WARN_UNINITIALIZED_AUTOS = YES_AGGRESSIVE;
				GCC_WARN_UNUSED_FUNCTION = YES;
				GCC_WARN_UNUSED_VARIABLE = YES;
				MTL_ENABLE_DEBUG_INFO = NO;
				MTL_FAST_MATH = YES;
				SWIFT_COMPILATION_MODE = wholemodule;
				SWIFT_OPTIMIZATION_LEVEL = "-O";
			};
			name = Release;
		};
		D2A4C9E527A7534300AEEAC7 /* Debug */ = {
			isa = XCBuildConfiguration;
			buildSettings = {
				ASSETCATALOG_COMPILER_APPICON_NAME = AppIcon;
				ASSETCATALOG_COMPILER_GLOBAL_ACCENT_COLOR_NAME = AccentColor;
				CODE_SIGN_STYLE = Automatic;
				CURRENT_PROJECT_VERSION = 1;
				DEVELOPMENT_TEAM = 2H866F22W7;
				ENABLE_PREVIEWS = YES;
				GENERATE_INFOPLIST_FILE = YES;
				INFOPLIST_KEY_UIApplicationSceneManifest_Generation = YES;
				INFOPLIST_KEY_UIApplicationSupportsIndirectInputEvents = YES;
				INFOPLIST_KEY_UILaunchScreen_Generation = YES;
				INFOPLIST_KEY_UISupportedInterfaceOrientations_iPad = "UIInterfaceOrientationPortrait UIInterfaceOrientationPortraitUpsideDown UIInterfaceOrientationLandscapeLeft UIInterfaceOrientationLandscapeRight";
				INFOPLIST_KEY_UISupportedInterfaceOrientations_iPhone = "UIInterfaceOrientationPortrait UIInterfaceOrientationLandscapeLeft UIInterfaceOrientationLandscapeRight";
				IPHONEOS_DEPLOYMENT_TARGET = 15.4;
				LD_RUNPATH_SEARCH_PATHS = (
					"$(inherited)",
					"@executable_path/Frameworks",
				);
				MARKETING_VERSION = 1.0;
				PRODUCT_BUNDLE_IDENTIFIER = io.github.ApolloZhu.FaceIt;
				PRODUCT_NAME = FaceIt;
				SDKROOT = iphoneos;
				SWIFT_EMIT_LOC_STRINGS = YES;
				SWIFT_VERSION = 5.0;
				TARGETED_DEVICE_FAMILY = "1,2";
			};
			name = Debug;
		};
		D2A4C9E627A7534300AEEAC7 /* Release */ = {
			isa = XCBuildConfiguration;
			buildSettings = {
				ASSETCATALOG_COMPILER_APPICON_NAME = AppIcon;
				ASSETCATALOG_COMPILER_GLOBAL_ACCENT_COLOR_NAME = AccentColor;
				CODE_SIGN_STYLE = Automatic;
				CURRENT_PROJECT_VERSION = 1;
				DEVELOPMENT_TEAM = 2H866F22W7;
				ENABLE_PREVIEWS = YES;
				GENERATE_INFOPLIST_FILE = YES;
				INFOPLIST_KEY_UIApplicationSceneManifest_Generation = YES;
				INFOPLIST_KEY_UIApplicationSupportsIndirectInputEvents = YES;
				INFOPLIST_KEY_UILaunchScreen_Generation = YES;
				INFOPLIST_KEY_UISupportedInterfaceOrientations_iPad = "UIInterfaceOrientationPortrait UIInterfaceOrientationPortraitUpsideDown UIInterfaceOrientationLandscapeLeft UIInterfaceOrientationLandscapeRight";
				INFOPLIST_KEY_UISupportedInterfaceOrientations_iPhone = "UIInterfaceOrientationPortrait UIInterfaceOrientationLandscapeLeft UIInterfaceOrientationLandscapeRight";
				IPHONEOS_DEPLOYMENT_TARGET = 15.4;
				LD_RUNPATH_SEARCH_PATHS = (
					"$(inherited)",
					"@executable_path/Frameworks",
				);
				MARKETING_VERSION = 1.0;
				PRODUCT_BUNDLE_IDENTIFIER = io.github.ApolloZhu.FaceIt;
				PRODUCT_NAME = FaceIt;
				SDKROOT = iphoneos;
				SWIFT_EMIT_LOC_STRINGS = YES;
				SWIFT_VERSION = 5.0;
				TARGETED_DEVICE_FAMILY = "1,2";
				VALIDATE_PRODUCT = YES;
			};
			name = Release;
		};
		D2A4C9E827A7534300AEEAC7 /* Debug */ = {
			isa = XCBuildConfiguration;
			buildSettings = {
				ASSETCATALOG_COMPILER_APPICON_NAME = AppIcon;
				ASSETCATALOG_COMPILER_GLOBAL_ACCENT_COLOR_NAME = AccentColor;
				CODE_SIGN_ENTITLEMENTS = macOS/macOS.entitlements;
				CODE_SIGN_STYLE = Automatic;
				COMBINE_HIDPI_IMAGES = YES;
				CURRENT_PROJECT_VERSION = 1;
				DEVELOPMENT_TEAM = 2H866F22W7;
				ENABLE_HARDENED_RUNTIME = YES;
				ENABLE_PREVIEWS = YES;
				GENERATE_INFOPLIST_FILE = YES;
				INFOPLIST_KEY_NSHumanReadableCopyright = "";
				LD_RUNPATH_SEARCH_PATHS = (
					"$(inherited)",
					"@executable_path/../Frameworks",
				);
				MACOSX_DEPLOYMENT_TARGET = 12.3;
				MARKETING_VERSION = 1.0;
				PRODUCT_BUNDLE_IDENTIFIER = io.github.ApolloZhu.FaceIt;
				PRODUCT_NAME = FaceIt;
				SDKROOT = macosx;
				SWIFT_EMIT_LOC_STRINGS = YES;
				SWIFT_VERSION = 5.0;
			};
			name = Debug;
		};
		D2A4C9E927A7534300AEEAC7 /* Release */ = {
			isa = XCBuildConfiguration;
			buildSettings = {
				ASSETCATALOG_COMPILER_APPICON_NAME = AppIcon;
				ASSETCATALOG_COMPILER_GLOBAL_ACCENT_COLOR_NAME = AccentColor;
				CODE_SIGN_ENTITLEMENTS = macOS/macOS.entitlements;
				CODE_SIGN_STYLE = Automatic;
				COMBINE_HIDPI_IMAGES = YES;
				CURRENT_PROJECT_VERSION = 1;
				DEVELOPMENT_TEAM = 2H866F22W7;
				ENABLE_HARDENED_RUNTIME = YES;
				ENABLE_PREVIEWS = YES;
				GENERATE_INFOPLIST_FILE = YES;
				INFOPLIST_KEY_NSHumanReadableCopyright = "";
				LD_RUNPATH_SEARCH_PATHS = (
					"$(inherited)",
					"@executable_path/../Frameworks",
				);
				MACOSX_DEPLOYMENT_TARGET = 12.3;
				MARKETING_VERSION = 1.0;
				PRODUCT_BUNDLE_IDENTIFIER = io.github.ApolloZhu.FaceIt;
				PRODUCT_NAME = FaceIt;
				SDKROOT = macosx;
				SWIFT_EMIT_LOC_STRINGS = YES;
				SWIFT_VERSION = 5.0;
			};
			name = Release;
		};
/* End XCBuildConfiguration section */

/* Begin XCConfigurationList section */
		D2A4C9CA27A7534200AEEAC7 /* Build configuration list for PBXProject "FaceIt" */ = {
			isa = XCConfigurationList;
			buildConfigurations = (
				D2A4C9E227A7534300AEEAC7 /* Debug */,
				D2A4C9E327A7534300AEEAC7 /* Release */,
			);
			defaultConfigurationIsVisible = 0;
			defaultConfigurationName = Release;
		};
		D2A4C9E427A7534300AEEAC7 /* Build configuration list for PBXNativeTarget "FaceIt (iOS)" */ = {
			isa = XCConfigurationList;
			buildConfigurations = (
				D2A4C9E527A7534300AEEAC7 /* Debug */,
				D2A4C9E627A7534300AEEAC7 /* Release */,
			);
			defaultConfigurationIsVisible = 0;
			defaultConfigurationName = Release;
		};
		D2A4C9E727A7534300AEEAC7 /* Build configuration list for PBXNativeTarget "FaceIt (macOS)" */ = {
			isa = XCConfigurationList;
			buildConfigurations = (
				D2A4C9E827A7534300AEEAC7 /* Debug */,
				D2A4C9E927A7534300AEEAC7 /* Release */,
			);
			defaultConfigurationIsVisible = 0;
			defaultConfigurationName = Release;
		};
/* End XCConfigurationList section */
	};
	rootObject = D2A4C9C727A7534200AEEAC7 /* Project object */;
}
